// !$*UTF8*$!
{
	archiveVersion = 1;
	classes = {
	};
	objectVersion = 55;
	objects = {

/* Begin PBXBuildFile section */
		640C630706CF8E54D1EE9213 /* Pods_KarteSampleUITests.framework in Frameworks */ = {isa = PBXBuildFile; fileRef = F3407C632E2E575AF5030022 /* Pods_KarteSampleUITests.framework */; };
		779A733A6C19F276F6E87ADF /* Pods_KarteSampleTests.framework in Frameworks */ = {isa = PBXBuildFile; fileRef = FB6D0F4555B9A9A97143BD40 /* Pods_KarteSampleTests.framework */; };
		7CD6FC4FD4039702C8A45852 /* Pods_KarteSample.framework in Frameworks */ = {isa = PBXBuildFile; fileRef = 05E88571D25B2D3132878AA3 /* Pods_KarteSample.framework */; };
		E3DA858628B89E9E00E9AAA2 /* KarteSampleApp.swift in Sources */ = {isa = PBXBuildFile; fileRef = E3DA858528B89E9E00E9AAA2 /* KarteSampleApp.swift */; };
		E3DA858828B89E9E00E9AAA2 /* KarteSampleView.swift in Sources */ = {isa = PBXBuildFile; fileRef = E3DA858728B89E9E00E9AAA2 /* KarteSampleView.swift */; };
		E3DA858A28B89E9F00E9AAA2 /* Assets.xcassets in Resources */ = {isa = PBXBuildFile; fileRef = E3DA858928B89E9F00E9AAA2 /* Assets.xcassets */; };
		E3DA858D28B89E9F00E9AAA2 /* Preview Assets.xcassets in Resources */ = {isa = PBXBuildFile; fileRef = E3DA858C28B89E9F00E9AAA2 /* Preview Assets.xcassets */; };
		E3DA859728B89EA000E9AAA2 /* KarteSampleTests.swift in Sources */ = {isa = PBXBuildFile; fileRef = E3DA859628B89EA000E9AAA2 /* KarteSampleTests.swift */; };
		E3DA85A128B89EA000E9AAA2 /* KarteSampleUITests.swift in Sources */ = {isa = PBXBuildFile; fileRef = E3DA85A028B89EA000E9AAA2 /* KarteSampleUITests.swift */; };
		E3DA85A328B89EA000E9AAA2 /* KarteSampleUITestsLaunchTests.swift in Sources */ = {isa = PBXBuildFile; fileRef = E3DA85A228B89EA000E9AAA2 /* KarteSampleUITestsLaunchTests.swift */; };
		E3DA85B028B89EF000E9AAA2 /* KarteSampleViewController.swift in Sources */ = {isa = PBXBuildFile; fileRef = E3DA85AF28B89EF000E9AAA2 /* KarteSampleViewController.swift */; };
		E3DA85B428BCC01000E9AAA2 /* Karte-Info.plist in Resources */ = {isa = PBXBuildFile; fileRef = E3DA85B328BCC01000E9AAA2 /* Karte-Info.plist */; };
/* End PBXBuildFile section */

/* Begin PBXContainerItemProxy section */
		E3DA859328B89EA000E9AAA2 /* PBXContainerItemProxy */ = {
			isa = PBXContainerItemProxy;
			containerPortal = E3DA857A28B89E9E00E9AAA2 /* Project object */;
			proxyType = 1;
			remoteGlobalIDString = E3DA858128B89E9E00E9AAA2;
			remoteInfo = KarteSample;
		};
		E3DA859D28B89EA000E9AAA2 /* PBXContainerItemProxy */ = {
			isa = PBXContainerItemProxy;
			containerPortal = E3DA857A28B89E9E00E9AAA2 /* Project object */;
			proxyType = 1;
			remoteGlobalIDString = E3DA858128B89E9E00E9AAA2;
			remoteInfo = KarteSample;
		};
/* End PBXContainerItemProxy section */

/* Begin PBXFileReference section */
		05E88571D25B2D3132878AA3 /* Pods_KarteSample.framework */ = {isa = PBXFileReference; explicitFileType = wrapper.framework; includeInIndex = 0; path = Pods_KarteSample.framework; sourceTree = BUILT_PRODUCTS_DIR; };
		2E111A0D52941730A2E44135 /* Pods-KarteSampleUITests.debug.xcconfig */ = {isa = PBXFileReference; includeInIndex = 1; lastKnownFileType = text.xcconfig; name = "Pods-KarteSampleUITests.debug.xcconfig"; path = "Target Support Files/Pods-KarteSampleUITests/Pods-KarteSampleUITests.debug.xcconfig"; sourceTree = "<group>"; };
		4885C082F7E4A17CBAA11561 /* Pods-KarteSampleTests.release.xcconfig */ = {isa = PBXFileReference; includeInIndex = 1; lastKnownFileType = text.xcconfig; name = "Pods-KarteSampleTests.release.xcconfig"; path = "Target Support Files/Pods-KarteSampleTests/Pods-KarteSampleTests.release.xcconfig"; sourceTree = "<group>"; };
		54FC8A271F3563CAF4E65EC8 /* Pods-KarteSample.release.xcconfig */ = {isa = PBXFileReference; includeInIndex = 1; lastKnownFileType = text.xcconfig; name = "Pods-KarteSample.release.xcconfig"; path = "Target Support Files/Pods-KarteSample/Pods-KarteSample.release.xcconfig"; sourceTree = "<group>"; };
		5B76A252A4858AA6E8F3F92B /* Pods-KarteSampleTests.debug.xcconfig */ = {isa = PBXFileReference; includeInIndex = 1; lastKnownFileType = text.xcconfig; name = "Pods-KarteSampleTests.debug.xcconfig"; path = "Target Support Files/Pods-KarteSampleTests/Pods-KarteSampleTests.debug.xcconfig"; sourceTree = "<group>"; };
		8B201299074C7AD3F32AF4DE /* Pods-KarteSample.debug.xcconfig */ = {isa = PBXFileReference; includeInIndex = 1; lastKnownFileType = text.xcconfig; name = "Pods-KarteSample.debug.xcconfig"; path = "Target Support Files/Pods-KarteSample/Pods-KarteSample.debug.xcconfig"; sourceTree = "<group>"; };
		BF24FBA414B90CDD62B62D4E /* Pods-KarteSampleUITests.release.xcconfig */ = {isa = PBXFileReference; includeInIndex = 1; lastKnownFileType = text.xcconfig; name = "Pods-KarteSampleUITests.release.xcconfig"; path = "Target Support Files/Pods-KarteSampleUITests/Pods-KarteSampleUITests.release.xcconfig"; sourceTree = "<group>"; };
		E3DA858228B89E9E00E9AAA2 /* KarteSample.app */ = {isa = PBXFileReference; explicitFileType = wrapper.application; includeInIndex = 0; path = KarteSample.app; sourceTree = BUILT_PRODUCTS_DIR; };
		E3DA858528B89E9E00E9AAA2 /* KarteSampleApp.swift */ = {isa = PBXFileReference; lastKnownFileType = sourcecode.swift; path = KarteSampleApp.swift; sourceTree = "<group>"; };
		E3DA858728B89E9E00E9AAA2 /* KarteSampleView.swift */ = {isa = PBXFileReference; lastKnownFileType = sourcecode.swift; path = KarteSampleView.swift; sourceTree = "<group>"; };
		E3DA858928B89E9F00E9AAA2 /* Assets.xcassets */ = {isa = PBXFileReference; lastKnownFileType = folder.assetcatalog; path = Assets.xcassets; sourceTree = "<group>"; };
		E3DA858C28B89E9F00E9AAA2 /* Preview Assets.xcassets */ = {isa = PBXFileReference; lastKnownFileType = folder.assetcatalog; path = "Preview Assets.xcassets"; sourceTree = "<group>"; };
		E3DA859228B89EA000E9AAA2 /* KarteSampleTests.xctest */ = {isa = PBXFileReference; explicitFileType = wrapper.cfbundle; includeInIndex = 0; path = KarteSampleTests.xctest; sourceTree = BUILT_PRODUCTS_DIR; };
		E3DA859628B89EA000E9AAA2 /* KarteSampleTests.swift */ = {isa = PBXFileReference; lastKnownFileType = sourcecode.swift; path = KarteSampleTests.swift; sourceTree = "<group>"; };
		E3DA859C28B89EA000E9AAA2 /* KarteSampleUITests.xctest */ = {isa = PBXFileReference; explicitFileType = wrapper.cfbundle; includeInIndex = 0; path = KarteSampleUITests.xctest; sourceTree = BUILT_PRODUCTS_DIR; };
		E3DA85A028B89EA000E9AAA2 /* KarteSampleUITests.swift */ = {isa = PBXFileReference; lastKnownFileType = sourcecode.swift; path = KarteSampleUITests.swift; sourceTree = "<group>"; };
		E3DA85A228B89EA000E9AAA2 /* KarteSampleUITestsLaunchTests.swift */ = {isa = PBXFileReference; lastKnownFileType = sourcecode.swift; path = KarteSampleUITestsLaunchTests.swift; sourceTree = "<group>"; };
		E3DA85AF28B89EF000E9AAA2 /* KarteSampleViewController.swift */ = {isa = PBXFileReference; lastKnownFileType = sourcecode.swift; path = KarteSampleViewController.swift; sourceTree = "<group>"; };
		E3DA85B328BCC01000E9AAA2 /* Karte-Info.plist */ = {isa = PBXFileReference; fileEncoding = 4; lastKnownFileType = text.plist.xml; path = "Karte-Info.plist"; sourceTree = "<group>"; };
		F3407C632E2E575AF5030022 /* Pods_KarteSampleUITests.framework */ = {isa = PBXFileReference; explicitFileType = wrapper.framework; includeInIndex = 0; path = Pods_KarteSampleUITests.framework; sourceTree = BUILT_PRODUCTS_DIR; };
		FB6D0F4555B9A9A97143BD40 /* Pods_KarteSampleTests.framework */ = {isa = PBXFileReference; explicitFileType = wrapper.framework; includeInIndex = 0; path = Pods_KarteSampleTests.framework; sourceTree = BUILT_PRODUCTS_DIR; };
/* End PBXFileReference section */

/* Begin PBXFrameworksBuildPhase section */
		E3DA857F28B89E9E00E9AAA2 /* Frameworks */ = {
			isa = PBXFrameworksBuildPhase;
			buildActionMask = 2147483647;
			files = (
				7CD6FC4FD4039702C8A45852 /* Pods_KarteSample.framework in Frameworks */,
			);
			runOnlyForDeploymentPostprocessing = 0;
		};
		E3DA858F28B89EA000E9AAA2 /* Frameworks */ = {
			isa = PBXFrameworksBuildPhase;
			buildActionMask = 2147483647;
			files = (
				779A733A6C19F276F6E87ADF /* Pods_KarteSampleTests.framework in Frameworks */,
			);
			runOnlyForDeploymentPostprocessing = 0;
		};
		E3DA859928B89EA000E9AAA2 /* Frameworks */ = {
			isa = PBXFrameworksBuildPhase;
			buildActionMask = 2147483647;
			files = (
				640C630706CF8E54D1EE9213 /* Pods_KarteSampleUITests.framework in Frameworks */,
			);
			runOnlyForDeploymentPostprocessing = 0;
		};
/* End PBXFrameworksBuildPhase section */

/* Begin PBXGroup section */
		28170ECE77FA40140AF01C38 /* Frameworks */ = {
			isa = PBXGroup;
			children = (
				05E88571D25B2D3132878AA3 /* Pods_KarteSample.framework */,
				FB6D0F4555B9A9A97143BD40 /* Pods_KarteSampleTests.framework */,
				F3407C632E2E575AF5030022 /* Pods_KarteSampleUITests.framework */,
			);
			name = Frameworks;
			sourceTree = "<group>";
		};
		960B790E16E5BD6BABBDD651 /* Pods */ = {
			isa = PBXGroup;
			children = (
				8B201299074C7AD3F32AF4DE /* Pods-KarteSample.debug.xcconfig */,
				54FC8A271F3563CAF4E65EC8 /* Pods-KarteSample.release.xcconfig */,
				5B76A252A4858AA6E8F3F92B /* Pods-KarteSampleTests.debug.xcconfig */,
				4885C082F7E4A17CBAA11561 /* Pods-KarteSampleTests.release.xcconfig */,
				2E111A0D52941730A2E44135 /* Pods-KarteSampleUITests.debug.xcconfig */,
				BF24FBA414B90CDD62B62D4E /* Pods-KarteSampleUITests.release.xcconfig */,
			);
			path = Pods;
			sourceTree = "<group>";
		};
		E3DA857928B89E9E00E9AAA2 = {
			isa = PBXGroup;
			children = (
				E3DA85B328BCC01000E9AAA2 /* Karte-Info.plist */,
				E3DA858428B89E9E00E9AAA2 /* KarteSample */,
				E3DA859528B89EA000E9AAA2 /* KarteSampleTests */,
				E3DA859F28B89EA000E9AAA2 /* KarteSampleUITests */,
				E3DA858328B89E9E00E9AAA2 /* Products */,
				960B790E16E5BD6BABBDD651 /* Pods */,
				28170ECE77FA40140AF01C38 /* Frameworks */,
			);
			sourceTree = "<group>";
		};
		E3DA858328B89E9E00E9AAA2 /* Products */ = {
			isa = PBXGroup;
			children = (
				E3DA858228B89E9E00E9AAA2 /* KarteSample.app */,
				E3DA859228B89EA000E9AAA2 /* KarteSampleTests.xctest */,
				E3DA859C28B89EA000E9AAA2 /* KarteSampleUITests.xctest */,
			);
			name = Products;
			sourceTree = "<group>";
		};
		E3DA858428B89E9E00E9AAA2 /* KarteSample */ = {
			isa = PBXGroup;
			children = (
				E3DA858528B89E9E00E9AAA2 /* KarteSampleApp.swift */,
				E3DA858728B89E9E00E9AAA2 /* KarteSampleView.swift */,
				E3DA858928B89E9F00E9AAA2 /* Assets.xcassets */,
				E3DA858B28B89E9F00E9AAA2 /* Preview Content */,
				E3DA85AF28B89EF000E9AAA2 /* KarteSampleViewController.swift */,
			);
			path = KarteSample;
			sourceTree = "<group>";
		};
		E3DA858B28B89E9F00E9AAA2 /* Preview Content */ = {
			isa = PBXGroup;
			children = (
				E3DA858C28B89E9F00E9AAA2 /* Preview Assets.xcassets */,
			);
			path = "Preview Content";
			sourceTree = "<group>";
		};
		E3DA859528B89EA000E9AAA2 /* KarteSampleTests */ = {
			isa = PBXGroup;
			children = (
				E3DA859628B89EA000E9AAA2 /* KarteSampleTests.swift */,
			);
			path = KarteSampleTests;
			sourceTree = "<group>";
		};
		E3DA859F28B89EA000E9AAA2 /* KarteSampleUITests */ = {
			isa = PBXGroup;
			children = (
				E3DA85A028B89EA000E9AAA2 /* KarteSampleUITests.swift */,
				E3DA85A228B89EA000E9AAA2 /* KarteSampleUITestsLaunchTests.swift */,
			);
			path = KarteSampleUITests;
			sourceTree = "<group>";
		};
/* End PBXGroup section */

/* Begin PBXNativeTarget section */
		E3DA858128B89E9E00E9AAA2 /* KarteSample */ = {
			isa = PBXNativeTarget;
			buildConfigurationList = E3DA85A628B89EA000E9AAA2 /* Build configuration list for PBXNativeTarget "KarteSample" */;
			buildPhases = (
				A22719714C19CFDD9EDBA4CD /* [CP] Check Pods Manifest.lock */,
				E3DA857E28B89E9E00E9AAA2 /* Sources */,
				E3DA857F28B89E9E00E9AAA2 /* Frameworks */,
				E3DA858028B89E9E00E9AAA2 /* Resources */,
				FFF65A156C5910A651530254 /* [CP] Embed Pods Frameworks */,
			);
			buildRules = (
			);
			dependencies = (
			);
			name = KarteSample;
			productName = KarteSample;
			productReference = E3DA858228B89E9E00E9AAA2 /* KarteSample.app */;
			productType = "com.apple.product-type.application";
		};
		E3DA859128B89EA000E9AAA2 /* KarteSampleTests */ = {
			isa = PBXNativeTarget;
			buildConfigurationList = E3DA85A928B89EA000E9AAA2 /* Build configuration list for PBXNativeTarget "KarteSampleTests" */;
			buildPhases = (
				C630B85971821176CD776E4F /* [CP] Check Pods Manifest.lock */,
				E3DA858E28B89EA000E9AAA2 /* Sources */,
				E3DA858F28B89EA000E9AAA2 /* Frameworks */,
				E3DA859028B89EA000E9AAA2 /* Resources */,
			);
			buildRules = (
			);
			dependencies = (
				E3DA859428B89EA000E9AAA2 /* PBXTargetDependency */,
			);
			name = KarteSampleTests;
			productName = KarteSampleTests;
			productReference = E3DA859228B89EA000E9AAA2 /* KarteSampleTests.xctest */;
			productType = "com.apple.product-type.bundle.unit-test";
		};
		E3DA859B28B89EA000E9AAA2 /* KarteSampleUITests */ = {
			isa = PBXNativeTarget;
			buildConfigurationList = E3DA85AC28B89EA000E9AAA2 /* Build configuration list for PBXNativeTarget "KarteSampleUITests" */;
			buildPhases = (
				27D96497C929F44110817560 /* [CP] Check Pods Manifest.lock */,
				E3DA859828B89EA000E9AAA2 /* Sources */,
				E3DA859928B89EA000E9AAA2 /* Frameworks */,
				E3DA859A28B89EA000E9AAA2 /* Resources */,
			);
			buildRules = (
			);
			dependencies = (
				E3DA859E28B89EA000E9AAA2 /* PBXTargetDependency */,
			);
			name = KarteSampleUITests;
			productName = KarteSampleUITests;
			productReference = E3DA859C28B89EA000E9AAA2 /* KarteSampleUITests.xctest */;
			productType = "com.apple.product-type.bundle.ui-testing";
		};
/* End PBXNativeTarget section */

/* Begin PBXProject section */
		E3DA857A28B89E9E00E9AAA2 /* Project object */ = {
			isa = PBXProject;
			attributes = {
				BuildIndependentTargetsInParallel = 1;
				LastSwiftUpdateCheck = 1340;
				LastUpgradeCheck = 1340;
				TargetAttributes = {
					E3DA858128B89E9E00E9AAA2 = {
						CreatedOnToolsVersion = 13.4.1;
					};
					E3DA859128B89EA000E9AAA2 = {
						CreatedOnToolsVersion = 13.4.1;
						TestTargetID = E3DA858128B89E9E00E9AAA2;
					};
					E3DA859B28B89EA000E9AAA2 = {
						CreatedOnToolsVersion = 13.4.1;
						TestTargetID = E3DA858128B89E9E00E9AAA2;
					};
				};
			};
			buildConfigurationList = E3DA857D28B89E9E00E9AAA2 /* Build configuration list for PBXProject "KarteSample" */;
			compatibilityVersion = "Xcode 13.0";
			developmentRegion = en;
			hasScannedForEncodings = 0;
			knownRegions = (
				en,
				Base,
			);
			mainGroup = E3DA857928B89E9E00E9AAA2;
			productRefGroup = E3DA858328B89E9E00E9AAA2 /* Products */;
			projectDirPath = "";
			projectRoot = "";
			targets = (
				E3DA858128B89E9E00E9AAA2 /* KarteSample */,
				E3DA859128B89EA000E9AAA2 /* KarteSampleTests */,
				E3DA859B28B89EA000E9AAA2 /* KarteSampleUITests */,
			);
		};
/* End PBXProject section */

/* Begin PBXResourcesBuildPhase section */
		E3DA858028B89E9E00E9AAA2 /* Resources */ = {
			isa = PBXResourcesBuildPhase;
			buildActionMask = 2147483647;
			files = (
				E3DA858D28B89E9F00E9AAA2 /* Preview Assets.xcassets in Resources */,
				E3DA858A28B89E9F00E9AAA2 /* Assets.xcassets in Resources */,
				E3DA85B428BCC01000E9AAA2 /* Karte-Info.plist in Resources */,
			);
			runOnlyForDeploymentPostprocessing = 0;
		};
		E3DA859028B89EA000E9AAA2 /* Resources */ = {
			isa = PBXResourcesBuildPhase;
			buildActionMask = 2147483647;
			files = (
			);
			runOnlyForDeploymentPostprocessing = 0;
		};
		E3DA859A28B89EA000E9AAA2 /* Resources */ = {
			isa = PBXResourcesBuildPhase;
			buildActionMask = 2147483647;
			files = (
			);
			runOnlyForDeploymentPostprocessing = 0;
		};
/* End PBXResourcesBuildPhase section */

/* Begin PBXShellScriptBuildPhase section */
		27D96497C929F44110817560 /* [CP] Check Pods Manifest.lock */ = {
			isa = PBXShellScriptBuildPhase;
			buildActionMask = 2147483647;
			files = (
			);
			inputFileListPaths = (
			);
			inputPaths = (
				"${PODS_PODFILE_DIR_PATH}/Podfile.lock",
				"${PODS_ROOT}/Manifest.lock",
			);
			name = "[CP] Check Pods Manifest.lock";
			outputFileListPaths = (
			);
			outputPaths = (
				"$(DERIVED_FILE_DIR)/Pods-KarteSampleUITests-checkManifestLockResult.txt",
			);
			runOnlyForDeploymentPostprocessing = 0;
			shellPath = /bin/sh;
			shellScript = "diff \"${PODS_PODFILE_DIR_PATH}/Podfile.lock\" \"${PODS_ROOT}/Manifest.lock\" > /dev/null\nif [ $? != 0 ] ; then\n    # print error to STDERR\n    echo \"error: The sandbox is not in sync with the Podfile.lock. Run 'pod install' or update your CocoaPods installation.\" >&2\n    exit 1\nfi\n# This output is used by Xcode 'outputs' to avoid re-running this script phase.\necho \"SUCCESS\" > \"${SCRIPT_OUTPUT_FILE_0}\"\n";
			showEnvVarsInLog = 0;
		};
		A22719714C19CFDD9EDBA4CD /* [CP] Check Pods Manifest.lock */ = {
			isa = PBXShellScriptBuildPhase;
			buildActionMask = 2147483647;
			files = (
			);
			inputFileListPaths = (
			);
			inputPaths = (
				"${PODS_PODFILE_DIR_PATH}/Podfile.lock",
				"${PODS_ROOT}/Manifest.lock",
			);
			name = "[CP] Check Pods Manifest.lock";
			outputFileListPaths = (
			);
			outputPaths = (
				"$(DERIVED_FILE_DIR)/Pods-KarteSample-checkManifestLockResult.txt",
			);
			runOnlyForDeploymentPostprocessing = 0;
			shellPath = /bin/sh;
			shellScript = "diff \"${PODS_PODFILE_DIR_PATH}/Podfile.lock\" \"${PODS_ROOT}/Manifest.lock\" > /dev/null\nif [ $? != 0 ] ; then\n    # print error to STDERR\n    echo \"error: The sandbox is not in sync with the Podfile.lock. Run 'pod install' or update your CocoaPods installation.\" >&2\n    exit 1\nfi\n# This output is used by Xcode 'outputs' to avoid re-running this script phase.\necho \"SUCCESS\" > \"${SCRIPT_OUTPUT_FILE_0}\"\n";
			showEnvVarsInLog = 0;
		};
		C630B85971821176CD776E4F /* [CP] Check Pods Manifest.lock */ = {
			isa = PBXShellScriptBuildPhase;
			buildActionMask = 2147483647;
			files = (
			);
			inputFileListPaths = (
			);
			inputPaths = (
				"${PODS_PODFILE_DIR_PATH}/Podfile.lock",
				"${PODS_ROOT}/Manifest.lock",
			);
			name = "[CP] Check Pods Manifest.lock";
			outputFileListPaths = (
			);
			outputPaths = (
				"$(DERIVED_FILE_DIR)/Pods-KarteSampleTests-checkManifestLockResult.txt",
			);
			runOnlyForDeploymentPostprocessing = 0;
			shellPath = /bin/sh;
			shellScript = "diff \"${PODS_PODFILE_DIR_PATH}/Podfile.lock\" \"${PODS_ROOT}/Manifest.lock\" > /dev/null\nif [ $? != 0 ] ; then\n    # print error to STDERR\n    echo \"error: The sandbox is not in sync with the Podfile.lock. Run 'pod install' or update your CocoaPods installation.\" >&2\n    exit 1\nfi\n# This output is used by Xcode 'outputs' to avoid re-running this script phase.\necho \"SUCCESS\" > \"${SCRIPT_OUTPUT_FILE_0}\"\n";
			showEnvVarsInLog = 0;
		};
		FFF65A156C5910A651530254 /* [CP] Embed Pods Frameworks */ = {
			isa = PBXShellScriptBuildPhase;
			buildActionMask = 2147483647;
			files = (
			);
			inputFileListPaths = (
				"${PODS_ROOT}/Target Support Files/Pods-KarteSample/Pods-KarteSample-frameworks-${CONFIGURATION}-input-files.xcfilelist",
			);
			name = "[CP] Embed Pods Frameworks";
			outputFileListPaths = (
				"${PODS_ROOT}/Target Support Files/Pods-KarteSample/Pods-KarteSample-frameworks-${CONFIGURATION}-output-files.xcfilelist",
			);
			runOnlyForDeploymentPostprocessing = 0;
			shellPath = /bin/sh;
			shellScript = "\"${PODS_ROOT}/Target Support Files/Pods-KarteSample/Pods-KarteSample-frameworks.sh\"\n";
			showEnvVarsInLog = 0;
		};
/* End PBXShellScriptBuildPhase section */

/* Begin PBXSourcesBuildPhase section */
		E3DA857E28B89E9E00E9AAA2 /* Sources */ = {
			isa = PBXSourcesBuildPhase;
			buildActionMask = 2147483647;
			files = (
				E3DA858828B89E9E00E9AAA2 /* KarteSampleView.swift in Sources */,
				E3DA85B028B89EF000E9AAA2 /* KarteSampleViewController.swift in Sources */,
				E3DA858628B89E9E00E9AAA2 /* KarteSampleApp.swift in Sources */,
			);
			runOnlyForDeploymentPostprocessing = 0;
		};
		E3DA858E28B89EA000E9AAA2 /* Sources */ = {
			isa = PBXSourcesBuildPhase;
			buildActionMask = 2147483647;
			files = (
				E3DA859728B89EA000E9AAA2 /* KarteSampleTests.swift in Sources */,
			);
			runOnlyForDeploymentPostprocessing = 0;
		};
		E3DA859828B89EA000E9AAA2 /* Sources */ = {
			isa = PBXSourcesBuildPhase;
			buildActionMask = 2147483647;
			files = (
				E3DA85A328B89EA000E9AAA2 /* KarteSampleUITestsLaunchTests.swift in Sources */,
				E3DA85A128B89EA000E9AAA2 /* KarteSampleUITests.swift in Sources */,
			);
			runOnlyForDeploymentPostprocessing = 0;
		};
/* End PBXSourcesBuildPhase section */

/* Begin PBXTargetDependency section */
		E3DA859428B89EA000E9AAA2 /* PBXTargetDependency */ = {
			isa = PBXTargetDependency;
			target = E3DA858128B89E9E00E9AAA2 /* KarteSample */;
			targetProxy = E3DA859328B89EA000E9AAA2 /* PBXContainerItemProxy */;
		};
		E3DA859E28B89EA000E9AAA2 /* PBXTargetDependency */ = {
			isa = PBXTargetDependency;
			target = E3DA858128B89E9E00E9AAA2 /* KarteSample */;
			targetProxy = E3DA859D28B89EA000E9AAA2 /* PBXContainerItemProxy */;
		};
/* End PBXTargetDependency section */

/* Begin XCBuildConfiguration section */
		E3DA85A428B89EA000E9AAA2 /* Debug */ = {
			isa = XCBuildConfiguration;
			buildSettings = {
				ALWAYS_SEARCH_USER_PATHS = NO;
				CLANG_ANALYZER_NONNULL = YES;
				CLANG_ANALYZER_NUMBER_OBJECT_CONVERSION = YES_AGGRESSIVE;
				CLANG_CXX_LANGUAGE_STANDARD = "gnu++17";
				CLANG_ENABLE_MODULES = YES;
				CLANG_ENABLE_OBJC_ARC = YES;
				CLANG_ENABLE_OBJC_WEAK = YES;
				CLANG_WARN_BLOCK_CAPTURE_AUTORELEASING = YES;
				CLANG_WARN_BOOL_CONVERSION = YES;
				CLANG_WARN_COMMA = YES;
				CLANG_WARN_CONSTANT_CONVERSION = YES;
				CLANG_WARN_DEPRECATED_OBJC_IMPLEMENTATIONS = YES;
				CLANG_WARN_DIRECT_OBJC_ISA_USAGE = YES_ERROR;
				CLANG_WARN_DOCUMENTATION_COMMENTS = YES;
				CLANG_WARN_EMPTY_BODY = YES;
				CLANG_WARN_ENUM_CONVERSION = YES;
				CLANG_WARN_INFINITE_RECURSION = YES;
				CLANG_WARN_INT_CONVERSION = YES;
				CLANG_WARN_NON_LITERAL_NULL_CONVERSION = YES;
				CLANG_WARN_OBJC_IMPLICIT_RETAIN_SELF = YES;
				CLANG_WARN_OBJC_LITERAL_CONVERSION = YES;
				CLANG_WARN_OBJC_ROOT_CLASS = YES_ERROR;
				CLANG_WARN_QUOTED_INCLUDE_IN_FRAMEWORK_HEADER = YES;
				CLANG_WARN_RANGE_LOOP_ANALYSIS = YES;
				CLANG_WARN_STRICT_PROTOTYPES = YES;
				CLANG_WARN_SUSPICIOUS_MOVE = YES;
				CLANG_WARN_UNGUARDED_AVAILABILITY = YES_AGGRESSIVE;
				CLANG_WARN_UNREACHABLE_CODE = YES;
				CLANG_WARN__DUPLICATE_METHOD_MATCH = YES;
				COPY_PHASE_STRIP = NO;
				DEBUG_INFORMATION_FORMAT = dwarf;
				ENABLE_STRICT_OBJC_MSGSEND = YES;
				ENABLE_TESTABILITY = YES;
				GCC_C_LANGUAGE_STANDARD = gnu11;
				GCC_DYNAMIC_NO_PIC = NO;
				GCC_NO_COMMON_BLOCKS = YES;
				GCC_OPTIMIZATION_LEVEL = 0;
				GCC_PREPROCESSOR_DEFINITIONS = (
					"DEBUG=1",
					"$(inherited)",
				);
				GCC_WARN_64_TO_32_BIT_CONVERSION = YES;
				GCC_WARN_ABOUT_RETURN_TYPE = YES_ERROR;
				GCC_WARN_UNDECLARED_SELECTOR = YES;
				GCC_WARN_UNINITIALIZED_AUTOS = YES_AGGRESSIVE;
				GCC_WARN_UNUSED_FUNCTION = YES;
				GCC_WARN_UNUSED_VARIABLE = YES;
				IPHONEOS_DEPLOYMENT_TARGET = 15.5;
				MTL_ENABLE_DEBUG_INFO = INCLUDE_SOURCE;
				MTL_FAST_MATH = YES;
				ONLY_ACTIVE_ARCH = YES;
				SDKROOT = iphoneos;
				SWIFT_ACTIVE_COMPILATION_CONDITIONS = DEBUG;
				SWIFT_OPTIMIZATION_LEVEL = "-Onone";
			};
			name = Debug;
		};
		E3DA85A528B89EA000E9AAA2 /* Release */ = {
			isa = XCBuildConfiguration;
			buildSettings = {
				ALWAYS_SEARCH_USER_PATHS = NO;
				CLANG_ANALYZER_NONNULL = YES;
				CLANG_ANALYZER_NUMBER_OBJECT_CONVERSION = YES_AGGRESSIVE;
				CLANG_CXX_LANGUAGE_STANDARD = "gnu++17";
				CLANG_ENABLE_MODULES = YES;
				CLANG_ENABLE_OBJC_ARC = YES;
				CLANG_ENABLE_OBJC_WEAK = YES;
				CLANG_WARN_BLOCK_CAPTURE_AUTORELEASING = YES;
				CLANG_WARN_BOOL_CONVERSION = YES;
				CLANG_WARN_COMMA = YES;
				CLANG_WARN_CONSTANT_CONVERSION = YES;
				CLANG_WARN_DEPRECATED_OBJC_IMPLEMENTATIONS = YES;
				CLANG_WARN_DIRECT_OBJC_ISA_USAGE = YES_ERROR;
				CLANG_WARN_DOCUMENTATION_COMMENTS = YES;
				CLANG_WARN_EMPTY_BODY = YES;
				CLANG_WARN_ENUM_CONVERSION = YES;
				CLANG_WARN_INFINITE_RECURSION = YES;
				CLANG_WARN_INT_CONVERSION = YES;
				CLANG_WARN_NON_LITERAL_NULL_CONVERSION = YES;
				CLANG_WARN_OBJC_IMPLICIT_RETAIN_SELF = YES;
				CLANG_WARN_OBJC_LITERAL_CONVERSION = YES;
				CLANG_WARN_OBJC_ROOT_CLASS = YES_ERROR;
				CLANG_WARN_QUOTED_INCLUDE_IN_FRAMEWORK_HEADER = YES;
				CLANG_WARN_RANGE_LOOP_ANALYSIS = YES;
				CLANG_WARN_STRICT_PROTOTYPES = YES;
				CLANG_WARN_SUSPICIOUS_MOVE = YES;
				CLANG_WARN_UNGUARDED_AVAILABILITY = YES_AGGRESSIVE;
				CLANG_WARN_UNREACHABLE_CODE = YES;
				CLANG_WARN__DUPLICATE_METHOD_MATCH = YES;
				COPY_PHASE_STRIP = NO;
				DEBUG_INFORMATION_FORMAT = "dwarf-with-dsym";
				ENABLE_NS_ASSERTIONS = NO;
				ENABLE_STRICT_OBJC_MSGSEND = YES;
				GCC_C_LANGUAGE_STANDARD = gnu11;
				GCC_NO_COMMON_BLOCKS = YES;
				GCC_WARN_64_TO_32_BIT_CONVERSION = YES;
				GCC_WARN_ABOUT_RETURN_TYPE = YES_ERROR;
				GCC_WARN_UNDECLARED_SELECTOR = YES;
				GCC_WARN_UNINITIALIZED_AUTOS = YES_AGGRESSIVE;
				GCC_WARN_UNUSED_FUNCTION = YES;
				GCC_WARN_UNUSED_VARIABLE = YES;
				IPHONEOS_DEPLOYMENT_TARGET = 15.5;
				MTL_ENABLE_DEBUG_INFO = NO;
				MTL_FAST_MATH = YES;
				SDKROOT = iphoneos;
				SWIFT_COMPILATION_MODE = wholemodule;
				SWIFT_OPTIMIZATION_LEVEL = "-O";
				VALIDATE_PRODUCT = YES;
			};
			name = Release;
		};
		E3DA85A728B89EA000E9AAA2 /* Debug */ = {
			isa = XCBuildConfiguration;
			baseConfigurationReference = 8B201299074C7AD3F32AF4DE /* Pods-KarteSample.debug.xcconfig */;
			buildSettings = {
				ASSETCATALOG_COMPILER_APPICON_NAME = AppIcon;
				ASSETCATALOG_COMPILER_GLOBAL_ACCENT_COLOR_NAME = AccentColor;
				CODE_SIGN_STYLE = Automatic;
				CURRENT_PROJECT_VERSION = 1;
				DEVELOPMENT_ASSET_PATHS = "\"KarteSample/Preview Content\"";
				DEVELOPMENT_TEAM = 95NHUB8K8K;
				ENABLE_PREVIEWS = YES;
				GENERATE_INFOPLIST_FILE = YES;
				INFOPLIST_KEY_UIApplicationSceneManifest_Generation = YES;
				INFOPLIST_KEY_UIApplicationSupportsIndirectInputEvents = YES;
				INFOPLIST_KEY_UILaunchScreen_Generation = YES;
				INFOPLIST_KEY_UISupportedInterfaceOrientations_iPad = "UIInterfaceOrientationPortrait UIInterfaceOrientationPortraitUpsideDown UIInterfaceOrientationLandscapeLeft UIInterfaceOrientationLandscapeRight";
				INFOPLIST_KEY_UISupportedInterfaceOrientations_iPhone = "UIInterfaceOrientationPortrait UIInterfaceOrientationLandscapeLeft UIInterfaceOrientationLandscapeRight";
				LD_RUNPATH_SEARCH_PATHS = (
					"$(inherited)",
					"@executable_path/Frameworks",
				);
				MARKETING_VERSION = 1.0;
				PRODUCT_BUNDLE_IDENTIFIER = KarteSample.KarteSample;
				PRODUCT_NAME = "$(TARGET_NAME)";
				SWIFT_EMIT_LOC_STRINGS = YES;
				SWIFT_VERSION = 5.0;
				TARGETED_DEVICE_FAMILY = "1,2";
			};
			name = Debug;
		};
		E3DA85A828B89EA000E9AAA2 /* Release */ = {
			isa = XCBuildConfiguration;
			baseConfigurationReference = 54FC8A271F3563CAF4E65EC8 /* Pods-KarteSample.release.xcconfig */;
			buildSettings = {
				ASSETCATALOG_COMPILER_APPICON_NAME = AppIcon;
				ASSETCATALOG_COMPILER_GLOBAL_ACCENT_COLOR_NAME = AccentColor;
				CODE_SIGN_STYLE = Automatic;
				CURRENT_PROJECT_VERSION = 1;
				DEVELOPMENT_ASSET_PATHS = "\"KarteSample/Preview Content\"";
				DEVELOPMENT_TEAM = 95NHUB8K8K;
				ENABLE_PREVIEWS = YES;
				GENERATE_INFOPLIST_FILE = YES;
				INFOPLIST_KEY_UIApplicationSceneManifest_Generation = YES;
				INFOPLIST_KEY_UIApplicationSupportsIndirectInputEvents = YES;
				INFOPLIST_KEY_UILaunchScreen_Generation = YES;
				INFOPLIST_KEY_UISupportedInterfaceOrientations_iPad = "UIInterfaceOrientationPortrait UIInterfaceOrientationPortraitUpsideDown UIInterfaceOrientationLandscapeLeft UIInterfaceOrientationLandscapeRight";
				INFOPLIST_KEY_UISupportedInterfaceOrientations_iPhone = "UIInterfaceOrientationPortrait UIInterfaceOrientationLandscapeLeft UIInterfaceOrientationLandscapeRight";
				LD_RUNPATH_SEARCH_PATHS = (
					"$(inherited)",
					"@executable_path/Frameworks",
				);
				MARKETING_VERSION = 1.0;
				PRODUCT_BUNDLE_IDENTIFIER = KarteSample.KarteSample;
				PRODUCT_NAME = "$(TARGET_NAME)";
				SWIFT_EMIT_LOC_STRINGS = YES;
				SWIFT_VERSION = 5.0;
				TARGETED_DEVICE_FAMILY = "1,2";
			};
			name = Release;
		};
		E3DA85AA28B89EA000E9AAA2 /* Debug */ = {
			isa = XCBuildConfiguration;
			baseConfigurationReference = 5B76A252A4858AA6E8F3F92B /* Pods-KarteSampleTests.debug.xcconfig */;
			buildSettings = {
				ALWAYS_EMBED_SWIFT_STANDARD_LIBRARIES = YES;
				BUNDLE_LOADER = "$(TEST_HOST)";
				CODE_SIGN_STYLE = Automatic;
				CURRENT_PROJECT_VERSION = 1;
				DEVELOPMENT_TEAM = 95NHUB8K8K;
				GENERATE_INFOPLIST_FILE = YES;
				IPHONEOS_DEPLOYMENT_TARGET = 15.5;
				MARKETING_VERSION = 1.0;
				PRODUCT_BUNDLE_IDENTIFIER = KarteSample.KarteSampleTests;
				PRODUCT_NAME = "$(TARGET_NAME)";
				SWIFT_EMIT_LOC_STRINGS = NO;
				SWIFT_VERSION = 5.0;
				TARGETED_DEVICE_FAMILY = "1,2";
				TEST_HOST = "$(BUILT_PRODUCTS_DIR)/KarteSample.app/KarteSample";
			};
			name = Debug;
		};
		E3DA85AB28B89EA000E9AAA2 /* Release */ = {
			isa = XCBuildConfiguration;
			baseConfigurationReference = 4885C082F7E4A17CBAA11561 /* Pods-KarteSampleTests.release.xcconfig */;
			buildSettings = {
				ALWAYS_EMBED_SWIFT_STANDARD_LIBRARIES = YES;
				BUNDLE_LOADER = "$(TEST_HOST)";
				CODE_SIGN_STYLE = Automatic;
				CURRENT_PROJECT_VERSION = 1;
				DEVELOPMENT_TEAM = 95NHUB8K8K;
				GENERATE_INFOPLIST_FILE = YES;
				IPHONEOS_DEPLOYMENT_TARGET = 15.5;
				MARKETING_VERSION = 1.0;
				PRODUCT_BUNDLE_IDENTIFIER = KarteSample.KarteSampleTests;
				PRODUCT_NAME = "$(TARGET_NAME)";
				SWIFT_EMIT_LOC_STRINGS = NO;
				SWIFT_VERSION = 5.0;
				TARGETED_DEVICE_FAMILY = "1,2";
				TEST_HOST = "$(BUILT_PRODUCTS_DIR)/KarteSample.app/KarteSample";
			};
			name = Release;
		};
		E3DA85AD28B89EA000E9AAA2 /* Debug */ = {
			isa = XCBuildConfiguration;
			baseConfigurationReference = 2E111A0D52941730A2E44135 /* Pods-KarteSampleUITests.debug.xcconfig */;
			buildSettings = {
				ALWAYS_EMBED_SWIFT_STANDARD_LIBRARIES = YES;
				CODE_SIGN_STYLE = Automatic;
				CURRENT_PROJECT_VERSION = 1;
				DEVELOPMENT_TEAM = 95NHUB8K8K;
				GENERATE_INFOPLIST_FILE = YES;
				MARKETING_VERSION = 1.0;
				PRODUCT_BUNDLE_IDENTIFIER = KarteSample.KarteSampleUITests;
				PRODUCT_NAME = "$(TARGET_NAME)";
				SWIFT_EMIT_LOC_STRINGS = NO;
				SWIFT_VERSION = 5.0;
				TARGETED_DEVICE_FAMILY = "1,2";
				TEST_TARGET_NAME = KarteSample;
			};
			name = Debug;
		};
		E3DA85AE28B89EA000E9AAA2 /* Release */ = {
			isa = XCBuildConfiguration;
			baseConfigurationReference = BF24FBA414B90CDD62B62D4E /* Pods-KarteSampleUITests.release.xcconfig */;
			buildSettings = {
				ALWAYS_EMBED_SWIFT_STANDARD_LIBRARIES = YES;
				CODE_SIGN_STYLE = Automatic;
				CURRENT_PROJECT_VERSION = 1;
				DEVELOPMENT_TEAM = 95NHUB8K8K;
				GENERATE_INFOPLIST_FILE = YES;
				MARKETING_VERSION = 1.0;
				PRODUCT_BUNDLE_IDENTIFIER = KarteSample.KarteSampleUITests;
				PRODUCT_NAME = "$(TARGET_NAME)";
				SWIFT_EMIT_LOC_STRINGS = NO;
				SWIFT_VERSION = 5.0;
				TARGETED_DEVICE_FAMILY = "1,2";
				TEST_TARGET_NAME = KarteSample;
			};
			name = Release;
		};
/* End XCBuildConfiguration section */

/* Begin XCConfigurationList section */
		E3DA857D28B89E9E00E9AAA2 /* Build configuration list for PBXProject "KarteSample" */ = {
			isa = XCConfigurationList;
			buildConfigurations = (
				E3DA85A428B89EA000E9AAA2 /* Debug */,
				E3DA85A528B89EA000E9AAA2 /* Release */,
			);
			defaultConfigurationIsVisible = 0;
			defaultConfigurationName = Release;
		};
		E3DA85A628B89EA000E9AAA2 /* Build configuration list for PBXNativeTarget "KarteSample" */ = {
			isa = XCConfigurationList;
			buildConfigurations = (
				E3DA85A728B89EA000E9AAA2 /* Debug */,
				E3DA85A828B89EA000E9AAA2 /* Release */,
			);
			defaultConfigurationIsVisible = 0;
			defaultConfigurationName = Release;
		};
		E3DA85A928B89EA000E9AAA2 /* Build configuration list for PBXNativeTarget "KarteSampleTests" */ = {
			isa = XCConfigurationList;
			buildConfigurations = (
				E3DA85AA28B89EA000E9AAA2 /* Debug */,
				E3DA85AB28B89EA000E9AAA2 /* Release */,
			);
			defaultConfigurationIsVisible = 0;
			defaultConfigurationName = Release;
		};
		E3DA85AC28B89EA000E9AAA2 /* Build configuration list for PBXNativeTarget "KarteSampleUITests" */ = {
			isa = XCConfigurationList;
			buildConfigurations = (
				E3DA85AD28B89EA000E9AAA2 /* Debug */,
				E3DA85AE28B89EA000E9AAA2 /* Release */,
			);
			defaultConfigurationIsVisible = 0;
			defaultConfigurationName = Release;
		};
/* End XCConfigurationList section */
	};
	rootObject = E3DA857A28B89E9E00E9AAA2 /* Project object */;
}
